{
  "name": "swtchbase",
  "version": "0.0.1",
  "lockfileVersion": 3,
  "requires": true,
  "packages": {
    "": {
      "name": "swtchbase",
      "version": "0.0.1",
      "devDependencies": {
        "@types/vscode": "^1.104.0"
      },
      "engines": {
        "vscode": "^1.104.0"
      }
    },
    "node_modules/@types/vscode": {
      "version": "1.106.0",
      "resolved": "https://registry.npmjs.org/@types/vscode/-/vscode-1.106.0.tgz",
      "integrity": "sha512-88oUcEl9Wmlyt64pbvjLzyyFuFuPotdjwy+P+5ggg3DyTJSMWJD3ShX2ppya5mqrAYTKEhcaJBerdc5JTeb32w==",
      "dev": true
    }
  }
}
